
Microsoft Visual Studio Solution File, Format Version 12.00
# Visual Studio 15
VisualStudioVersion = 15.0.28307.421
MinimumVisualStudioVersion = 10.0.40219.1
Project("{FAE04EC0-301F-11D3-BF4B-00C04F79EFBC}") = "KelimeOgrenmeUygulaması", "KelimeOgrenmeUygulaması\KelimeOgrenmeUygulaması.csproj", "{CA43565E-A977-4AB2-90F0-45FEC0B09791}"
EndProject
Global
	GlobalSection(SolutionConfigurationPlatforms) = preSolution
		Debug|Any CPU = Debug|Any CPU
		Release|Any CPU = Release|Any CPU
	EndGlobalSection
	GlobalSection(ProjectConfigurationPlatforms) = postSolution
		{CA43565E-A977-4AB2-90F0-45FEC0B09791}.Debug|Any CPU.ActiveCfg = Debug|Any CPU
		{CA43565E-A977-4AB2-90F0-45FEC0B09791}.Debug|Any CPU.Build.0 = Debug|Any CPU
		{CA43565E-A977-4AB2-90F0-45FEC0B09791}.Release|Any CPU.ActiveCfg = Release|Any CPU
		{CA43565E-A977-4AB2-90F0-45FEC0B09791}.Release|Any CPU.Build.0 = Release|Any CPU
	EndGlobalSection
	GlobalSection(SolutionProperties) = preSolution
		HideSolutionNode = FALSE
	EndGlobalSection
	GlobalSection(ExtensibilityGlobals) = postSolution
		SolutionGuid = {B5D9BB74-AED8-4282-8656-61A9FAAD4A0B}
	EndGlobalSection
EndGlobal
